// !$*UTF8*$!
{
	archiveVersion = 1;
	classes = {
	};
	objectVersion = 50;
	objects = {

/* Begin PBXBuildFile section */
		0FD11B4290BCFF4F63B21E84 /* Pods_fbuinstagram.framework in Frameworks */ = {isa = PBXBuildFile; fileRef = 2800BE6312ED0C4ABEEC9D18 /* Pods_fbuinstagram.framework */; };
		875541B31474856C3C77D01B /* Pods_fbuinstagramUITests.framework in Frameworks */ = {isa = PBXBuildFile; fileRef = BF039D5102CE1F6E712D01BA /* Pods_fbuinstagramUITests.framework */; };
		9019264620F2AF35008C8CCD /* AppDelegate.m in Sources */ = {isa = PBXBuildFile; fileRef = 9019264520F2AF35008C8CCD /* AppDelegate.m */; };
		9019264C20F2AF35008C8CCD /* Main.storyboard in Resources */ = {isa = PBXBuildFile; fileRef = 9019264A20F2AF35008C8CCD /* Main.storyboard */; };
		9019264E20F2AF37008C8CCD /* Assets.xcassets in Resources */ = {isa = PBXBuildFile; fileRef = 9019264D20F2AF37008C8CCD /* Assets.xcassets */; };
		9019265120F2AF37008C8CCD /* LaunchScreen.storyboard in Resources */ = {isa = PBXBuildFile; fileRef = 9019264F20F2AF37008C8CCD /* LaunchScreen.storyboard */; };
		9019265420F2AF37008C8CCD /* main.m in Sources */ = {isa = PBXBuildFile; fileRef = 9019265320F2AF37008C8CCD /* main.m */; };
		9019265E20F2AF37008C8CCD /* fbuinstagramTests.m in Sources */ = {isa = PBXBuildFile; fileRef = 9019265D20F2AF37008C8CCD /* fbuinstagramTests.m */; };
		9019266920F2AF37008C8CCD /* fbuinstagramUITests.m in Sources */ = {isa = PBXBuildFile; fileRef = 9019266820F2AF37008C8CCD /* fbuinstagramUITests.m */; };
		90EBE68F20F9110A00317B33 /* Billabong.ttf in Resources */ = {isa = PBXBuildFile; fileRef = 90EBE68E20F9110900317B33 /* Billabong.ttf */; };
		90FD511C20F41B1800144ACC /* LoginViewController.m in Sources */ = {isa = PBXBuildFile; fileRef = 90FD511B20F41B1800144ACC /* LoginViewController.m */; };
		90FD511F20F41F4400144ACC /* RealLoginViewController.m in Sources */ = {isa = PBXBuildFile; fileRef = 90FD511E20F41F4400144ACC /* RealLoginViewController.m */; };
		90FD512220F4279C00144ACC /* HomeViewController.m in Sources */ = {isa = PBXBuildFile; fileRef = 90FD512120F4279C00144ACC /* HomeViewController.m */; };
		90FD512520F42F8700144ACC /* Post.m in Sources */ = {isa = PBXBuildFile; fileRef = 90FD512420F42F8700144ACC /* Post.m */; };
		90FD512B20F434B700144ACC /* PostCell.m in Sources */ = {isa = PBXBuildFile; fileRef = 90FD512A20F434B700144ACC /* PostCell.m */; };
		90FD512E20F466C600144ACC /* ComposeViewController.m in Sources */ = {isa = PBXBuildFile; fileRef = 90FD512D20F466C600144ACC /* ComposeViewController.m */; };
		90FD513120F5556000144ACC /* DetailsViewController.m in Sources */ = {isa = PBXBuildFile; fileRef = 90FD513020F5556000144ACC /* DetailsViewController.m */; };
		90FD513420F555B400144ACC /* ProfileViewController.m in Sources */ = {isa = PBXBuildFile; fileRef = 90FD513320F555B400144ACC /* ProfileViewController.m */; };
		90FD513720F55A4C00144ACC /* PostCollectionViewCell.m in Sources */ = {isa = PBXBuildFile; fileRef = 90FD513620F55A4C00144ACC /* PostCollectionViewCell.m */; };
		B7D98B9C5EE458AEDE1D0F55 /* Pods_fbuinstagramTests.framework in Frameworks */ = {isa = PBXBuildFile; fileRef = 779DE39366962A7959C1B8CA /* Pods_fbuinstagramTests.framework */; };
/* End PBXBuildFile section */

/* Begin PBXContainerItemProxy section */
		9019265A20F2AF37008C8CCD /* PBXContainerItemProxy */ = {
			isa = PBXContainerItemProxy;
			containerPortal = 9019263920F2AF35008C8CCD /* Project object */;
			proxyType = 1;
			remoteGlobalIDString = 9019264020F2AF35008C8CCD;
			remoteInfo = fbuinstagram;
		};
		9019266520F2AF37008C8CCD /* PBXContainerItemProxy */ = {
			isa = PBXContainerItemProxy;
			containerPortal = 9019263920F2AF35008C8CCD /* Project object */;
			proxyType = 1;
			remoteGlobalIDString = 9019264020F2AF35008C8CCD;
			remoteInfo = fbuinstagram;
		};
/* End PBXContainerItemProxy section */

/* Begin PBXFileReference section */
		03681978AB46F4D2FA40D509 /* Pods-fbuinstagram.debug.xcconfig */ = {isa = PBXFileReference; includeInIndex = 1; lastKnownFileType = text.xcconfig; name = "Pods-fbuinstagram.debug.xcconfig"; path = "Pods/Target Support Files/Pods-fbuinstagram/Pods-fbuinstagram.debug.xcconfig"; sourceTree = "<group>"; };
		2800BE6312ED0C4ABEEC9D18 /* Pods_fbuinstagram.framework */ = {isa = PBXFileReference; explicitFileType = wrapper.framework; includeInIndex = 0; path = Pods_fbuinstagram.framework; sourceTree = BUILT_PRODUCTS_DIR; };
		38159E069CEEE7F538DB3097 /* Pods-fbuinstagramTests.release.xcconfig */ = {isa = PBXFileReference; includeInIndex = 1; lastKnownFileType = text.xcconfig; name = "Pods-fbuinstagramTests.release.xcconfig"; path = "Pods/Target Support Files/Pods-fbuinstagramTests/Pods-fbuinstagramTests.release.xcconfig"; sourceTree = "<group>"; };
		779DE39366962A7959C1B8CA /* Pods_fbuinstagramTests.framework */ = {isa = PBXFileReference; explicitFileType = wrapper.framework; includeInIndex = 0; path = Pods_fbuinstagramTests.framework; sourceTree = BUILT_PRODUCTS_DIR; };
		8F1D45575AE6F2785C28B9C7 /* Pods-fbuinstagramTests.debug.xcconfig */ = {isa = PBXFileReference; includeInIndex = 1; lastKnownFileType = text.xcconfig; name = "Pods-fbuinstagramTests.debug.xcconfig"; path = "Pods/Target Support Files/Pods-fbuinstagramTests/Pods-fbuinstagramTests.debug.xcconfig"; sourceTree = "<group>"; };
		9019264120F2AF35008C8CCD /* fbuinstagram.app */ = {isa = PBXFileReference; explicitFileType = wrapper.application; includeInIndex = 0; path = fbuinstagram.app; sourceTree = BUILT_PRODUCTS_DIR; };
		9019264420F2AF35008C8CCD /* AppDelegate.h */ = {isa = PBXFileReference; lastKnownFileType = sourcecode.c.h; path = AppDelegate.h; sourceTree = "<group>"; };
		9019264520F2AF35008C8CCD /* AppDelegate.m */ = {isa = PBXFileReference; lastKnownFileType = sourcecode.c.objc; path = AppDelegate.m; sourceTree = "<group>"; };
		9019264B20F2AF35008C8CCD /* Base */ = {isa = PBXFileReference; lastKnownFileType = file.storyboard; name = Base; path = Base.lproj/Main.storyboard; sourceTree = "<group>"; };
		9019264D20F2AF37008C8CCD /* Assets.xcassets */ = {isa = PBXFileReference; lastKnownFileType = folder.assetcatalog; path = Assets.xcassets; sourceTree = "<group>"; };
		9019265020F2AF37008C8CCD /* Base */ = {isa = PBXFileReference; lastKnownFileType = file.storyboard; name = Base; path = Base.lproj/LaunchScreen.storyboard; sourceTree = "<group>"; };
		9019265220F2AF37008C8CCD /* Info.plist */ = {isa = PBXFileReference; lastKnownFileType = text.plist.xml; path = Info.plist; sourceTree = "<group>"; };
		9019265320F2AF37008C8CCD /* main.m */ = {isa = PBXFileReference; lastKnownFileType = sourcecode.c.objc; path = main.m; sourceTree = "<group>"; };
		9019265920F2AF37008C8CCD /* fbuinstagramTests.xctest */ = {isa = PBXFileReference; explicitFileType = wrapper.cfbundle; includeInIndex = 0; path = fbuinstagramTests.xctest; sourceTree = BUILT_PRODUCTS_DIR; };
		9019265D20F2AF37008C8CCD /* fbuinstagramTests.m */ = {isa = PBXFileReference; lastKnownFileType = sourcecode.c.objc; path = fbuinstagramTests.m; sourceTree = "<group>"; };
		9019265F20F2AF37008C8CCD /* Info.plist */ = {isa = PBXFileReference; lastKnownFileType = text.plist.xml; path = Info.plist; sourceTree = "<group>"; };
		9019266420F2AF37008C8CCD /* fbuinstagramUITests.xctest */ = {isa = PBXFileReference; explicitFileType = wrapper.cfbundle; includeInIndex = 0; path = fbuinstagramUITests.xctest; sourceTree = BUILT_PRODUCTS_DIR; };
		9019266820F2AF37008C8CCD /* fbuinstagramUITests.m */ = {isa = PBXFileReference; lastKnownFileType = sourcecode.c.objc; path = fbuinstagramUITests.m; sourceTree = "<group>"; };
		9019266A20F2AF37008C8CCD /* Info.plist */ = {isa = PBXFileReference; lastKnownFileType = text.plist.xml; path = Info.plist; sourceTree = "<group>"; };
		90EBE68E20F9110900317B33 /* Billabong.ttf */ = {isa = PBXFileReference; lastKnownFileType = file; name = Billabong.ttf; path = ../../../Billabong.ttf; sourceTree = "<group>"; };
		90FD511A20F41B1800144ACC /* LoginViewController.h */ = {isa = PBXFileReference; lastKnownFileType = sourcecode.c.h; path = LoginViewController.h; sourceTree = "<group>"; };
		90FD511B20F41B1800144ACC /* LoginViewController.m */ = {isa = PBXFileReference; lastKnownFileType = sourcecode.c.objc; path = LoginViewController.m; sourceTree = "<group>"; };
		90FD511D20F41F4400144ACC /* RealLoginViewController.h */ = {isa = PBXFileReference; lastKnownFileType = sourcecode.c.h; path = RealLoginViewController.h; sourceTree = "<group>"; };
		90FD511E20F41F4400144ACC /* RealLoginViewController.m */ = {isa = PBXFileReference; lastKnownFileType = sourcecode.c.objc; path = RealLoginViewController.m; sourceTree = "<group>"; };
		90FD512020F4279C00144ACC /* HomeViewController.h */ = {isa = PBXFileReference; lastKnownFileType = sourcecode.c.h; path = HomeViewController.h; sourceTree = "<group>"; };
		90FD512120F4279C00144ACC /* HomeViewController.m */ = {isa = PBXFileReference; lastKnownFileType = sourcecode.c.objc; path = HomeViewController.m; sourceTree = "<group>"; };
		90FD512320F42F8700144ACC /* Post.h */ = {isa = PBXFileReference; lastKnownFileType = sourcecode.c.h; path = Post.h; sourceTree = "<group>"; };
		90FD512420F42F8700144ACC /* Post.m */ = {isa = PBXFileReference; lastKnownFileType = sourcecode.c.objc; path = Post.m; sourceTree = "<group>"; };
		90FD512920F434B700144ACC /* PostCell.h */ = {isa = PBXFileReference; lastKnownFileType = sourcecode.c.h; name = PostCell.h; path = ../PostCell.h; sourceTree = "<group>"; };
		90FD512A20F434B700144ACC /* PostCell.m */ = {isa = PBXFileReference; lastKnownFileType = sourcecode.c.objc; name = PostCell.m; path = ../PostCell.m; sourceTree = "<group>"; };
		90FD512C20F466C600144ACC /* ComposeViewController.h */ = {isa = PBXFileReference; lastKnownFileType = sourcecode.c.h; path = ComposeViewController.h; sourceTree = "<group>"; };
		90FD512D20F466C600144ACC /* ComposeViewController.m */ = {isa = PBXFileReference; lastKnownFileType = sourcecode.c.objc; path = ComposeViewController.m; sourceTree = "<group>"; };
		90FD512F20F5556000144ACC /* DetailsViewController.h */ = {isa = PBXFileReference; lastKnownFileType = sourcecode.c.h; path = DetailsViewController.h; sourceTree = "<group>"; };
		90FD513020F5556000144ACC /* DetailsViewController.m */ = {isa = PBXFileReference; lastKnownFileType = sourcecode.c.objc; path = DetailsViewController.m; sourceTree = "<group>"; };
		90FD513220F555B400144ACC /* ProfileViewController.h */ = {isa = PBXFileReference; lastKnownFileType = sourcecode.c.h; path = ProfileViewController.h; sourceTree = "<group>"; };
		90FD513320F555B400144ACC /* ProfileViewController.m */ = {isa = PBXFileReference; lastKnownFileType = sourcecode.c.objc; path = ProfileViewController.m; sourceTree = "<group>"; };
		90FD513520F55A4C00144ACC /* PostCollectionViewCell.h */ = {isa = PBXFileReference; lastKnownFileType = sourcecode.c.h; path = PostCollectionViewCell.h; sourceTree = "<group>"; };
		90FD513620F55A4C00144ACC /* PostCollectionViewCell.m */ = {isa = PBXFileReference; lastKnownFileType = sourcecode.c.objc; path = PostCollectionViewCell.m; sourceTree = "<group>"; };
		BF039D5102CE1F6E712D01BA /* Pods_fbuinstagramUITests.framework */ = {isa = PBXFileReference; explicitFileType = wrapper.framework; includeInIndex = 0; path = Pods_fbuinstagramUITests.framework; sourceTree = BUILT_PRODUCTS_DIR; };
		C27B3B19ED8AA2895D6C2346 /* Pods-fbuinstagramUITests.debug.xcconfig */ = {isa = PBXFileReference; includeInIndex = 1; lastKnownFileType = text.xcconfig; name = "Pods-fbuinstagramUITests.debug.xcconfig"; path = "Pods/Target Support Files/Pods-fbuinstagramUITests/Pods-fbuinstagramUITests.debug.xcconfig"; sourceTree = "<group>"; };
		F1F67FD90B55C077548C485B /* Pods-fbuinstagramUITests.release.xcconfig */ = {isa = PBXFileReference; includeInIndex = 1; lastKnownFileType = text.xcconfig; name = "Pods-fbuinstagramUITests.release.xcconfig"; path = "Pods/Target Support Files/Pods-fbuinstagramUITests/Pods-fbuinstagramUITests.release.xcconfig"; sourceTree = "<group>"; };
		F881CAC6082E464D6C8274F8 /* Pods-fbuinstagram.release.xcconfig */ = {isa = PBXFileReference; includeInIndex = 1; lastKnownFileType = text.xcconfig; name = "Pods-fbuinstagram.release.xcconfig"; path = "Pods/Target Support Files/Pods-fbuinstagram/Pods-fbuinstagram.release.xcconfig"; sourceTree = "<group>"; };
/* End PBXFileReference section */

/* Begin PBXFrameworksBuildPhase section */
		9019263E20F2AF35008C8CCD /* Frameworks */ = {
			isa = PBXFrameworksBuildPhase;
			buildActionMask = 2147483647;
			files = (
				0FD11B4290BCFF4F63B21E84 /* Pods_fbuinstagram.framework in Frameworks */,
			);
			runOnlyForDeploymentPostprocessing = 0;
		};
		9019265620F2AF37008C8CCD /* Frameworks */ = {
			isa = PBXFrameworksBuildPhase;
			buildActionMask = 2147483647;
			files = (
				B7D98B9C5EE458AEDE1D0F55 /* Pods_fbuinstagramTests.framework in Frameworks */,
			);
			runOnlyForDeploymentPostprocessing = 0;
		};
		9019266120F2AF37008C8CCD /* Frameworks */ = {
			isa = PBXFrameworksBuildPhase;
			buildActionMask = 2147483647;
			files = (
				875541B31474856C3C77D01B /* Pods_fbuinstagramUITests.framework in Frameworks */,
			);
			runOnlyForDeploymentPostprocessing = 0;
		};
/* End PBXFrameworksBuildPhase section */

/* Begin PBXGroup section */
		2DFCA8FE99214F9B1E8DC366 /* Frameworks */ = {
			isa = PBXGroup;
			children = (
				2800BE6312ED0C4ABEEC9D18 /* Pods_fbuinstagram.framework */,
				779DE39366962A7959C1B8CA /* Pods_fbuinstagramTests.framework */,
				BF039D5102CE1F6E712D01BA /* Pods_fbuinstagramUITests.framework */,
			);
			name = Frameworks;
			sourceTree = "<group>";
		};
		6A0A71D15C05B67FCF4862F4 /* Pods */ = {
			isa = PBXGroup;
			children = (
				03681978AB46F4D2FA40D509 /* Pods-fbuinstagram.debug.xcconfig */,
				F881CAC6082E464D6C8274F8 /* Pods-fbuinstagram.release.xcconfig */,
				8F1D45575AE6F2785C28B9C7 /* Pods-fbuinstagramTests.debug.xcconfig */,
				38159E069CEEE7F538DB3097 /* Pods-fbuinstagramTests.release.xcconfig */,
				C27B3B19ED8AA2895D6C2346 /* Pods-fbuinstagramUITests.debug.xcconfig */,
				F1F67FD90B55C077548C485B /* Pods-fbuinstagramUITests.release.xcconfig */,
			);
			name = Pods;
			sourceTree = "<group>";
		};
		9019263820F2AF35008C8CCD = {
			isa = PBXGroup;
			children = (
				9019264320F2AF35008C8CCD /* fbuinstagram */,
				9019265C20F2AF37008C8CCD /* fbuinstagramTests */,
				9019266720F2AF37008C8CCD /* fbuinstagramUITests */,
				9019264220F2AF35008C8CCD /* Products */,
				6A0A71D15C05B67FCF4862F4 /* Pods */,
				2DFCA8FE99214F9B1E8DC366 /* Frameworks */,
			);
			sourceTree = "<group>";
		};
		9019264220F2AF35008C8CCD /* Products */ = {
			isa = PBXGroup;
			children = (
				9019264120F2AF35008C8CCD /* fbuinstagram.app */,
				9019265920F2AF37008C8CCD /* fbuinstagramTests.xctest */,
				9019266420F2AF37008C8CCD /* fbuinstagramUITests.xctest */,
			);
			name = Products;
			sourceTree = "<group>";
		};
		9019264320F2AF35008C8CCD /* fbuinstagram */ = {
			isa = PBXGroup;
			children = (
				90EBE68920F90E6B00317B33 /* font */,
				9019264420F2AF35008C8CCD /* AppDelegate.h */,
				9019264520F2AF35008C8CCD /* AppDelegate.m */,
				90FD511A20F41B1800144ACC /* LoginViewController.h */,
				90FD511B20F41B1800144ACC /* LoginViewController.m */,
				90FD511D20F41F4400144ACC /* RealLoginViewController.h */,
				90FD511E20F41F4400144ACC /* RealLoginViewController.m */,
				9019264A20F2AF35008C8CCD /* Main.storyboard */,
				90FD512020F4279C00144ACC /* HomeViewController.h */,
				90FD512120F4279C00144ACC /* HomeViewController.m */,
				90FD513220F555B400144ACC /* ProfileViewController.h */,
				90FD513320F555B400144ACC /* ProfileViewController.m */,
				90FD512F20F5556000144ACC /* DetailsViewController.h */,
				90FD513020F5556000144ACC /* DetailsViewController.m */,
				90FD512320F42F8700144ACC /* Post.h */,
				90FD513520F55A4C00144ACC /* PostCollectionViewCell.h */,
				90FD513620F55A4C00144ACC /* PostCollectionViewCell.m */,
				90FD512420F42F8700144ACC /* Post.m */,
				90FD512920F434B700144ACC /* PostCell.h */,
				90FD512A20F434B700144ACC /* PostCell.m */,
				90FD512C20F466C600144ACC /* ComposeViewController.h */,
				90FD512D20F466C600144ACC /* ComposeViewController.m */,
				9019264D20F2AF37008C8CCD /* Assets.xcassets */,
				9019264F20F2AF37008C8CCD /* LaunchScreen.storyboard */,
				9019265220F2AF37008C8CCD /* Info.plist */,
				9019265320F2AF37008C8CCD /* main.m */,
			);
			path = fbuinstagram;
			sourceTree = "<group>";
		};
		9019265C20F2AF37008C8CCD /* fbuinstagramTests */ = {
			isa = PBXGroup;
			children = (
				9019265D20F2AF37008C8CCD /* fbuinstagramTests.m */,
				9019265F20F2AF37008C8CCD /* Info.plist */,
			);
			path = fbuinstagramTests;
			sourceTree = "<group>";
		};
		9019266720F2AF37008C8CCD /* fbuinstagramUITests */ = {
			isa = PBXGroup;
			children = (
				9019266820F2AF37008C8CCD /* fbuinstagramUITests.m */,
				9019266A20F2AF37008C8CCD /* Info.plist */,
			);
			path = fbuinstagramUITests;
			sourceTree = "<group>";
		};
		90EBE68920F90E6B00317B33 /* font */ = {
			isa = PBXGroup;
			children = (
				90EBE68E20F9110900317B33 /* Billabong.ttf */,
			);
			path = font;
			sourceTree = "<group>";
		};
/* End PBXGroup section */

/* Begin PBXNativeTarget section */
		9019264020F2AF35008C8CCD /* fbuinstagram */ = {
			isa = PBXNativeTarget;
			buildConfigurationList = 9019266D20F2AF37008C8CCD /* Build configuration list for PBXNativeTarget "fbuinstagram" */;
			buildPhases = (
				BFBFC05DBA421458DF7C9404 /* [CP] Check Pods Manifest.lock */,
				9019263D20F2AF35008C8CCD /* Sources */,
				9019263E20F2AF35008C8CCD /* Frameworks */,
				9019263F20F2AF35008C8CCD /* Resources */,
				94021EB4C952CC4E4BB40714 /* [CP] Embed Pods Frameworks */,
			);
			buildRules = (
			);
			dependencies = (
			);
			name = fbuinstagram;
			productName = fbuinstagram;
			productReference = 9019264120F2AF35008C8CCD /* fbuinstagram.app */;
			productType = "com.apple.product-type.application";
		};
		9019265820F2AF37008C8CCD /* fbuinstagramTests */ = {
			isa = PBXNativeTarget;
			buildConfigurationList = 9019267020F2AF37008C8CCD /* Build configuration list for PBXNativeTarget "fbuinstagramTests" */;
			buildPhases = (
				FE3AFF09D638DA362E4CE85B /* [CP] Check Pods Manifest.lock */,
				9019265520F2AF37008C8CCD /* Sources */,
				9019265620F2AF37008C8CCD /* Frameworks */,
				9019265720F2AF37008C8CCD /* Resources */,
			);
			buildRules = (
			);
			dependencies = (
				9019265B20F2AF37008C8CCD /* PBXTargetDependency */,
			);
			name = fbuinstagramTests;
			productName = fbuinstagramTests;
			productReference = 9019265920F2AF37008C8CCD /* fbuinstagramTests.xctest */;
			productType = "com.apple.product-type.bundle.unit-test";
		};
		9019266320F2AF37008C8CCD /* fbuinstagramUITests */ = {
			isa = PBXNativeTarget;
			buildConfigurationList = 9019267320F2AF37008C8CCD /* Build configuration list for PBXNativeTarget "fbuinstagramUITests" */;
			buildPhases = (
				8FB1E1964A80AC21F749F12D /* [CP] Check Pods Manifest.lock */,
				9019266020F2AF37008C8CCD /* Sources */,
				9019266120F2AF37008C8CCD /* Frameworks */,
				9019266220F2AF37008C8CCD /* Resources */,
			);
			buildRules = (
			);
			dependencies = (
				9019266620F2AF37008C8CCD /* PBXTargetDependency */,
			);
			name = fbuinstagramUITests;
			productName = fbuinstagramUITests;
			productReference = 9019266420F2AF37008C8CCD /* fbuinstagramUITests.xctest */;
			productType = "com.apple.product-type.bundle.ui-testing";
		};
/* End PBXNativeTarget section */

/* Begin PBXProject section */
		9019263920F2AF35008C8CCD /* Project object */ = {
			isa = PBXProject;
			attributes = {
				LastUpgradeCheck = 0940;
				ORGANIZATIONNAME = "Stephanie Lampotang";
				TargetAttributes = {
					9019264020F2AF35008C8CCD = {
						CreatedOnToolsVersion = 9.4.1;
					};
					9019265820F2AF37008C8CCD = {
						CreatedOnToolsVersion = 9.4.1;
						TestTargetID = 9019264020F2AF35008C8CCD;
					};
					9019266320F2AF37008C8CCD = {
						CreatedOnToolsVersion = 9.4.1;
						TestTargetID = 9019264020F2AF35008C8CCD;
					};
				};
			};
			buildConfigurationList = 9019263C20F2AF35008C8CCD /* Build configuration list for PBXProject "fbuinstagram" */;
			compatibilityVersion = "Xcode 9.3";
			developmentRegion = en;
			hasScannedForEncodings = 0;
			knownRegions = (
				en,
				Base,
			);
			mainGroup = 9019263820F2AF35008C8CCD;
			productRefGroup = 9019264220F2AF35008C8CCD /* Products */;
			projectDirPath = "";
			projectRoot = "";
			targets = (
				9019264020F2AF35008C8CCD /* fbuinstagram */,
				9019265820F2AF37008C8CCD /* fbuinstagramTests */,
				9019266320F2AF37008C8CCD /* fbuinstagramUITests */,
			);
		};
/* End PBXProject section */

/* Begin PBXResourcesBuildPhase section */
		9019263F20F2AF35008C8CCD /* Resources */ = {
			isa = PBXResourcesBuildPhase;
			buildActionMask = 2147483647;
			files = (
				9019265120F2AF37008C8CCD /* LaunchScreen.storyboard in Resources */,
				9019264E20F2AF37008C8CCD /* Assets.xcassets in Resources */,
				9019264C20F2AF35008C8CCD /* Main.storyboard in Resources */,
				90EBE68F20F9110A00317B33 /* Billabong.ttf in Resources */,
			);
			runOnlyForDeploymentPostprocessing = 0;
		};
		9019265720F2AF37008C8CCD /* Resources */ = {
			isa = PBXResourcesBuildPhase;
			buildActionMask = 2147483647;
			files = (
			);
			runOnlyForDeploymentPostprocessing = 0;
		};
		9019266220F2AF37008C8CCD /* Resources */ = {
			isa = PBXResourcesBuildPhase;
			buildActionMask = 2147483647;
			files = (
			);
			runOnlyForDeploymentPostprocessing = 0;
		};
/* End PBXResourcesBuildPhase section */

/* Begin PBXShellScriptBuildPhase section */
		8FB1E1964A80AC21F749F12D /* [CP] Check Pods Manifest.lock */ = {
			isa = PBXShellScriptBuildPhase;
			buildActionMask = 2147483647;
			files = (
			);
			inputPaths = (
				"${PODS_PODFILE_DIR_PATH}/Podfile.lock",
				"${PODS_ROOT}/Manifest.lock",
			);
			name = "[CP] Check Pods Manifest.lock";
			outputPaths = (
				"$(DERIVED_FILE_DIR)/Pods-fbuinstagramUITests-checkManifestLockResult.txt",
			);
			runOnlyForDeploymentPostprocessing = 0;
			shellPath = /bin/sh;
			shellScript = "diff \"${PODS_PODFILE_DIR_PATH}/Podfile.lock\" \"${PODS_ROOT}/Manifest.lock\" > /dev/null\nif [ $? != 0 ] ; then\n    # print error to STDERR\n    echo \"error: The sandbox is not in sync with the Podfile.lock. Run 'pod install' or update your CocoaPods installation.\" >&2\n    exit 1\nfi\n# This output is used by Xcode 'outputs' to avoid re-running this script phase.\necho \"SUCCESS\" > \"${SCRIPT_OUTPUT_FILE_0}\"\n";
			showEnvVarsInLog = 0;
		};
		94021EB4C952CC4E4BB40714 /* [CP] Embed Pods Frameworks */ = {
			isa = PBXShellScriptBuildPhase;
			buildActionMask = 2147483647;
			files = (
			);
			inputPaths = (
				"${SRCROOT}/Pods/Target Support Files/Pods-fbuinstagram/Pods-fbuinstagram-frameworks.sh",
				"${BUILT_PRODUCTS_DIR}/Bolts/Bolts.framework",
				"${BUILT_PRODUCTS_DIR}/DateTools/DateTools.framework",
				"${BUILT_PRODUCTS_DIR}/Parse/Parse.framework",
				"${BUILT_PRODUCTS_DIR}/ParseUI/ParseUI.framework",
			);
			name = "[CP] Embed Pods Frameworks";
			outputPaths = (
				"${TARGET_BUILD_DIR}/${FRAMEWORKS_FOLDER_PATH}/Bolts.framework",
				"${TARGET_BUILD_DIR}/${FRAMEWORKS_FOLDER_PATH}/DateTools.framework",
				"${TARGET_BUILD_DIR}/${FRAMEWORKS_FOLDER_PATH}/Parse.framework",
				"${TARGET_BUILD_DIR}/${FRAMEWORKS_FOLDER_PATH}/ParseUI.framework",
			);
			runOnlyForDeploymentPostprocessing = 0;
			shellPath = /bin/sh;
			shellScript = "\"${SRCROOT}/Pods/Target Support Files/Pods-fbuinstagram/Pods-fbuinstagram-frameworks.sh\"\n";
			showEnvVarsInLog = 0;
		};
		BFBFC05DBA421458DF7C9404 /* [CP] Check Pods Manifest.lock */ = {
			isa = PBXShellScriptBuildPhase;
			buildActionMask = 2147483647;
			files = (
			);
			inputPaths = (
				"${PODS_PODFILE_DIR_PATH}/Podfile.lock",
				"${PODS_ROOT}/Manifest.lock",
			);
			name = "[CP] Check Pods Manifest.lock";
			outputPaths = (
				"$(DERIVED_FILE_DIR)/Pods-fbuinstagram-checkManifestLockResult.txt",
			);
			runOnlyForDeploymentPostprocessing = 0;
			shellPath = /bin/sh;
			shellScript = "diff \"${PODS_PODFILE_DIR_PATH}/Podfile.lock\" \"${PODS_ROOT}/Manifest.lock\" > /dev/null\nif [ $? != 0 ] ; then\n    # print error to STDERR\n    echo \"error: The sandbox is not in sync with the Podfile.lock. Run 'pod install' or update your CocoaPods installation.\" >&2\n    exit 1\nfi\n# This output is used by Xcode 'outputs' to avoid re-running this script phase.\necho \"SUCCESS\" > \"${SCRIPT_OUTPUT_FILE_0}\"\n";
			showEnvVarsInLog = 0;
		};
		FE3AFF09D638DA362E4CE85B /* [CP] Check Pods Manifest.lock */ = {
			isa = PBXShellScriptBuildPhase;
			buildActionMask = 2147483647;
			files = (
			);
			inputPaths = (
				"${PODS_PODFILE_DIR_PATH}/Podfile.lock",
				"${PODS_ROOT}/Manifest.lock",
			);
			name = "[CP] Check Pods Manifest.lock";
			outputPaths = (
				"$(DERIVED_FILE_DIR)/Pods-fbuinstagramTests-checkManifestLockResult.txt",
			);
			runOnlyForDeploymentPostprocessing = 0;
			shellPath = /bin/sh;
			shellScript = "diff \"${PODS_PODFILE_DIR_PATH}/Podfile.lock\" \"${PODS_ROOT}/Manifest.lock\" > /dev/null\nif [ $? != 0 ] ; then\n    # print error to STDERR\n    echo \"error: The sandbox is not in sync with the Podfile.lock. Run 'pod install' or update your CocoaPods installation.\" >&2\n    exit 1\nfi\n# This output is used by Xcode 'outputs' to avoid re-running this script phase.\necho \"SUCCESS\" > \"${SCRIPT_OUTPUT_FILE_0}\"\n";
			showEnvVarsInLog = 0;
		};
/* End PBXShellScriptBuildPhase section */

/* Begin PBXSourcesBuildPhase section */
		9019263D20F2AF35008C8CCD /* Sources */ = {
			isa = PBXSourcesBuildPhase;
			buildActionMask = 2147483647;
			files = (
				90FD511C20F41B1800144ACC /* LoginViewController.m in Sources */,
				90FD513120F5556000144ACC /* DetailsViewController.m in Sources */,
				9019265420F2AF37008C8CCD /* main.m in Sources */,
				90FD512E20F466C600144ACC /* ComposeViewController.m in Sources */,
				90FD512B20F434B700144ACC /* PostCell.m in Sources */,
				90FD511F20F41F4400144ACC /* RealLoginViewController.m in Sources */,
				9019264620F2AF35008C8CCD /* AppDelegate.m in Sources */,
				90FD513720F55A4C00144ACC /* PostCollectionViewCell.m in Sources */,
				90FD513420F555B400144ACC /* ProfileViewController.m in Sources */,
				90FD512220F4279C00144ACC /* HomeViewController.m in Sources */,
				90FD512520F42F8700144ACC /* Post.m in Sources */,
			);
			runOnlyForDeploymentPostprocessing = 0;
		};
		9019265520F2AF37008C8CCD /* Sources */ = {
			isa = PBXSourcesBuildPhase;
			buildActionMask = 2147483647;
			files = (
				9019265E20F2AF37008C8CCD /* fbuinstagramTests.m in Sources */,
			);
			runOnlyForDeploymentPostprocessing = 0;
		};
		9019266020F2AF37008C8CCD /* Sources */ = {
			isa = PBXSourcesBuildPhase;
			buildActionMask = 2147483647;
			files = (
				9019266920F2AF37008C8CCD /* fbuinstagramUITests.m in Sources */,
			);
			runOnlyForDeploymentPostprocessing = 0;
		};
/* End PBXSourcesBuildPhase section */

/* Begin PBXTargetDependency section */
		9019265B20F2AF37008C8CCD /* PBXTargetDependency */ = {
			isa = PBXTargetDependency;
			target = 9019264020F2AF35008C8CCD /* fbuinstagram */;
			targetProxy = 9019265A20F2AF37008C8CCD /* PBXContainerItemProxy */;
		};
		9019266620F2AF37008C8CCD /* PBXTargetDependency */ = {
			isa = PBXTargetDependency;
			target = 9019264020F2AF35008C8CCD /* fbuinstagram */;
			targetProxy = 9019266520F2AF37008C8CCD /* PBXContainerItemProxy */;
		};
/* End PBXTargetDependency section */

/* Begin PBXVariantGroup section */
		9019264A20F2AF35008C8CCD /* Main.storyboard */ = {
			isa = PBXVariantGroup;
			children = (
				9019264B20F2AF35008C8CCD /* Base */,
			);
			name = Main.storyboard;
			sourceTree = "<group>";
		};
		9019264F20F2AF37008C8CCD /* LaunchScreen.storyboard */ = {
			isa = PBXVariantGroup;
			children = (
				9019265020F2AF37008C8CCD /* Base */,
			);
			name = LaunchScreen.storyboard;
			sourceTree = "<group>";
		};
/* End PBXVariantGroup section */

/* Begin XCBuildConfiguration section */
		9019266B20F2AF37008C8CCD /* Debug */ = {
			isa = XCBuildConfiguration;
			buildSettings = {
				ALWAYS_SEARCH_USER_PATHS = NO;
				CLANG_ANALYZER_NONNULL = YES;
				CLANG_ANALYZER_NUMBER_OBJECT_CONVERSION = YES_AGGRESSIVE;
				CLANG_CXX_LANGUAGE_STANDARD = "gnu++14";
				CLANG_CXX_LIBRARY = "libc++";
				CLANG_ENABLE_MODULES = YES;
				CLANG_ENABLE_OBJC_ARC = YES;
				CLANG_ENABLE_OBJC_WEAK = YES;
				CLANG_WARN_BLOCK_CAPTURE_AUTORELEASING = YES;
				CLANG_WARN_BOOL_CONVERSION = YES;
				CLANG_WARN_COMMA = YES;
				CLANG_WARN_CONSTANT_CONVERSION = YES;
				CLANG_WARN_DEPRECATED_OBJC_IMPLEMENTATIONS = YES;
				CLANG_WARN_DIRECT_OBJC_ISA_USAGE = YES_ERROR;
				CLANG_WARN_DOCUMENTATION_COMMENTS = YES;
				CLANG_WARN_EMPTY_BODY = YES;
				CLANG_WARN_ENUM_CONVERSION = YES;
				CLANG_WARN_INFINITE_RECURSION = YES;
				CLANG_WARN_INT_CONVERSION = YES;
				CLANG_WARN_NON_LITERAL_NULL_CONVERSION = YES;
				CLANG_WARN_OBJC_IMPLICIT_RETAIN_SELF = YES;
				CLANG_WARN_OBJC_LITERAL_CONVERSION = YES;
				CLANG_WARN_OBJC_ROOT_CLASS = YES_ERROR;
				CLANG_WARN_RANGE_LOOP_ANALYSIS = YES;
				CLANG_WARN_STRICT_PROTOTYPES = YES;
				CLANG_WARN_SUSPICIOUS_MOVE = YES;
				CLANG_WARN_UNGUARDED_AVAILABILITY = YES_AGGRESSIVE;
				CLANG_WARN_UNREACHABLE_CODE = YES;
				CLANG_WARN__DUPLICATE_METHOD_MATCH = YES;
				CODE_SIGN_IDENTITY = "iPhone Developer";
				COPY_PHASE_STRIP = NO;
				DEBUG_INFORMATION_FORMAT = dwarf;
				ENABLE_STRICT_OBJC_MSGSEND = YES;
				ENABLE_TESTABILITY = YES;
				GCC_C_LANGUAGE_STANDARD = gnu11;
				GCC_DYNAMIC_NO_PIC = NO;
				GCC_NO_COMMON_BLOCKS = YES;
				GCC_OPTIMIZATION_LEVEL = 0;
				GCC_PREPROCESSOR_DEFINITIONS = (
					"DEBUG=1",
					"$(inherited)",
				);
				GCC_WARN_64_TO_32_BIT_CONVERSION = YES;
				GCC_WARN_ABOUT_RETURN_TYPE = YES_ERROR;
				GCC_WARN_UNDECLARED_SELECTOR = YES;
				GCC_WARN_UNINITIALIZED_AUTOS = YES_AGGRESSIVE;
				GCC_WARN_UNUSED_FUNCTION = YES;
				GCC_WARN_UNUSED_VARIABLE = YES;
				IPHONEOS_DEPLOYMENT_TARGET = 11.4;
				MTL_ENABLE_DEBUG_INFO = YES;
				ONLY_ACTIVE_ARCH = YES;
				SDKROOT = iphoneos;
			};
			name = Debug;
		};
		9019266C20F2AF37008C8CCD /* Release */ = {
			isa = XCBuildConfiguration;
			buildSettings = {
				ALWAYS_SEARCH_USER_PATHS = NO;
				CLANG_ANALYZER_NONNULL = YES;
				CLANG_ANALYZER_NUMBER_OBJECT_CONVERSION = YES_AGGRESSIVE;
				CLANG_CXX_LANGUAGE_STANDARD = "gnu++14";
				CLANG_CXX_LIBRARY = "libc++";
				CLANG_ENABLE_MODULES = YES;
				CLANG_ENABLE_OBJC_ARC = YES;
				CLANG_ENABLE_OBJC_WEAK = YES;
				CLANG_WARN_BLOCK_CAPTURE_AUTORELEASING = YES;
				CLANG_WARN_BOOL_CONVERSION = YES;
				CLANG_WARN_COMMA = YES;
				CLANG_WARN_CONSTANT_CONVERSION = YES;
				CLANG_WARN_DEPRECATED_OBJC_IMPLEMENTATIONS = YES;
				CLANG_WARN_DIRECT_OBJC_ISA_USAGE = YES_ERROR;
				CLANG_WARN_DOCUMENTATION_COMMENTS = YES;
				CLANG_WARN_EMPTY_BODY = YES;
				CLANG_WARN_ENUM_CONVERSION = YES;
				CLANG_WARN_INFINITE_RECURSION = YES;
				CLANG_WARN_INT_CONVERSION = YES;
				CLANG_WARN_NON_LITERAL_NULL_CONVERSION = YES;
				CLANG_WARN_OBJC_IMPLICIT_RETAIN_SELF = YES;
				CLANG_WARN_OBJC_LITERAL_CONVERSION = YES;
				CLANG_WARN_OBJC_ROOT_CLASS = YES_ERROR;
				CLANG_WARN_RANGE_LOOP_ANALYSIS = YES;
				CLANG_WARN_STRICT_PROTOTYPES = YES;
				CLANG_WARN_SUSPICIOUS_MOVE = YES;
				CLANG_WARN_UNGUARDED_AVAILABILITY = YES_AGGRESSIVE;
				CLANG_WARN_UNREACHABLE_CODE = YES;
				CLANG_WARN__DUPLICATE_METHOD_MATCH = YES;
				CODE_SIGN_IDENTITY = "iPhone Developer";
				COPY_PHASE_STRIP = NO;
				DEBUG_INFORMATION_FORMAT = "dwarf-with-dsym";
				ENABLE_NS_ASSERTIONS = NO;
				ENABLE_STRICT_OBJC_MSGSEND = YES;
				GCC_C_LANGUAGE_STANDARD = gnu11;
				GCC_NO_COMMON_BLOCKS = YES;
				GCC_WARN_64_TO_32_BIT_CONVERSION = YES;
				GCC_WARN_ABOUT_RETURN_TYPE = YES_ERROR;
				GCC_WARN_UNDECLARED_SELECTOR = YES;
				GCC_WARN_UNINITIALIZED_AUTOS = YES_AGGRESSIVE;
				GCC_WARN_UNUSED_FUNCTION = YES;
				GCC_WARN_UNUSED_VARIABLE = YES;
				IPHONEOS_DEPLOYMENT_TARGET = 11.4;
				MTL_ENABLE_DEBUG_INFO = NO;
				SDKROOT = iphoneos;
				VALIDATE_PRODUCT = YES;
			};
			name = Release;
		};
		9019266E20F2AF37008C8CCD /* Debug */ = {
			isa = XCBuildConfiguration;
			baseConfigurationReference = 03681978AB46F4D2FA40D509 /* Pods-fbuinstagram.debug.xcconfig */;
			buildSettings = {
				ASSETCATALOG_COMPILER_APPICON_NAME = AppIcon;
				CODE_SIGN_STYLE = Automatic;
				DEVELOPMENT_TEAM = 6VXY7J79LR;
				INFOPLIST_FILE = fbuinstagram/Info.plist;
				LD_RUNPATH_SEARCH_PATHS = (
					"$(inherited)",
					"@executable_path/Frameworks",
				);
				PRODUCT_BUNDLE_IDENTIFIER = com.stephanielampotang.fbuinstagram;
				PRODUCT_NAME = "$(TARGET_NAME)";
				TARGETED_DEVICE_FAMILY = "1,2";
			};
			name = Debug;
		};
		9019266F20F2AF37008C8CCD /* Release */ = {
			isa = XCBuildConfiguration;
			baseConfigurationReference = F881CAC6082E464D6C8274F8 /* Pods-fbuinstagram.release.xcconfig */;
			buildSettings = {
				ASSETCATALOG_COMPILER_APPICON_NAME = AppIcon;
				CODE_SIGN_STYLE = Automatic;
				DEVELOPMENT_TEAM = 6VXY7J79LR;
				INFOPLIST_FILE = fbuinstagram/Info.plist;
				LD_RUNPATH_SEARCH_PATHS = (
					"$(inherited)",
					"@executable_path/Frameworks",
				);
				PRODUCT_BUNDLE_IDENTIFIER = com.stephanielampotang.fbuinstagram;
				PRODUCT_NAME = "$(TARGET_NAME)";
				TARGETED_DEVICE_FAMILY = "1,2";
			};
			name = Release;
		};
		9019267120F2AF37008C8CCD /* Debug */ = {
			isa = XCBuildConfiguration;
			baseConfigurationReference = 8F1D45575AE6F2785C28B9C7 /* Pods-fbuinstagramTests.debug.xcconfig */;
			buildSettings = {
				BUNDLE_LOADER = "$(TEST_HOST)";
				CODE_SIGN_STYLE = Automatic;
				INFOPLIST_FILE = fbuinstagramTests/Info.plist;
				LD_RUNPATH_SEARCH_PATHS = (
					"$(inherited)",
					"@executable_path/Frameworks",
					"@loader_path/Frameworks",
				);
				PRODUCT_BUNDLE_IDENTIFIER = com.stephanielampotang.fbuinstagramTests;
				PRODUCT_NAME = "$(TARGET_NAME)";
				TARGETED_DEVICE_FAMILY = "1,2";
				TEST_HOST = "$(BUILT_PRODUCTS_DIR)/fbuinstagram.app/fbuinstagram";
			};
			name = Debug;
		};
		9019267220F2AF37008C8CCD /* Release */ = {
			isa = XCBuildConfiguration;
			baseConfigurationReference = 38159E069CEEE7F538DB3097 /* Pods-fbuinstagramTests.release.xcconfig */;
			buildSettings = {
				BUNDLE_LOADER = "$(TEST_HOST)";
				CODE_SIGN_STYLE = Automatic;
				INFOPLIST_FILE = fbuinstagramTests/Info.plist;
				LD_RUNPATH_SEARCH_PATHS = (
					"$(inherited)",
					"@executable_path/Frameworks",
					"@loader_path/Frameworks",
				);
				PRODUCT_BUNDLE_IDENTIFIER = com.stephanielampotang.fbuinstagramTests;
				PRODUCT_NAME = "$(TARGET_NAME)";
				TARGETED_DEVICE_FAMILY = "1,2";
				TEST_HOST = "$(BUILT_PRODUCTS_DIR)/fbuinstagram.app/fbuinstagram";
			};
			name = Release;
		};
		9019267420F2AF37008C8CCD /* Debug */ = {
			isa = XCBuildConfiguration;
			baseConfigurationReference = C27B3B19ED8AA2895D6C2346 /* Pods-fbuinstagramUITests.debug.xcconfig */;
			buildSettings = {
				CODE_SIGN_STYLE = Automatic;
				INFOPLIST_FILE = fbuinstagramUITests/Info.plist;
				LD_RUNPATH_SEARCH_PATHS = (
					"$(inherited)",
					"@executable_path/Frameworks",
					"@loader_path/Frameworks",
				);
				PRODUCT_BUNDLE_IDENTIFIER = com.stephanielampotang.fbuinstagramUITests;
				PRODUCT_NAME = "$(TARGET_NAME)";
				TARGETED_DEVICE_FAMILY = "1,2";
				TEST_TARGET_NAME = fbuinstagram;
			};
			name = Debug;
		};
		9019267520F2AF37008C8CCD /* Release */ = {
			isa = XCBuildConfiguration;
			baseConfigurationReference = F1F67FD90B55C077548C485B /* Pods-fbuinstagramUITests.release.xcconfig */;
			buildSettings = {
				CODE_SIGN_STYLE = Automatic;
				INFOPLIST_FILE = fbuinstagramUITests/Info.plist;
				LD_RUNPATH_SEARCH_PATHS = (
					"$(inherited)",
					"@executable_path/Frameworks",
					"@loader_path/Frameworks",
				);
				PRODUCT_BUNDLE_IDENTIFIER = com.stephanielampotang.fbuinstagramUITests;
				PRODUCT_NAME = "$(TARGET_NAME)";
				TARGETED_DEVICE_FAMILY = "1,2";
				TEST_TARGET_NAME = fbuinstagram;
			};
			name = Release;
		};
/* End XCBuildConfiguration section */

/* Begin XCConfigurationList section */
		9019263C20F2AF35008C8CCD /* Build configuration list for PBXProject "fbuinstagram" */ = {
			isa = XCConfigurationList;
			buildConfigurations = (
				9019266B20F2AF37008C8CCD /* Debug */,
				9019266C20F2AF37008C8CCD /* Release */,
			);
			defaultConfigurationIsVisible = 0;
			defaultConfigurationName = Release;
		};
		9019266D20F2AF37008C8CCD /* Build configuration list for PBXNativeTarget "fbuinstagram" */ = {
			isa = XCConfigurationList;
			buildConfigurations = (
				9019266E20F2AF37008C8CCD /* Debug */,
				9019266F20F2AF37008C8CCD /* Release */,
			);
			defaultConfigurationIsVisible = 0;
			defaultConfigurationName = Release;
		};
		9019267020F2AF37008C8CCD /* Build configuration list for PBXNativeTarget "fbuinstagramTests" */ = {
			isa = XCConfigurationList;
			buildConfigurations = (
				9019267120F2AF37008C8CCD /* Debug */,
				9019267220F2AF37008C8CCD /* Release */,
			);
			defaultConfigurationIsVisible = 0;
			defaultConfigurationName = Release;
		};
		9019267320F2AF37008C8CCD /* Build configuration list for PBXNativeTarget "fbuinstagramUITests" */ = {
			isa = XCConfigurationList;
			buildConfigurations = (
				9019267420F2AF37008C8CCD /* Debug */,
				9019267520F2AF37008C8CCD /* Release */,
			);
			defaultConfigurationIsVisible = 0;
			defaultConfigurationName = Release;
		};
/* End XCConfigurationList section */
	};
	rootObject = 9019263920F2AF35008C8CCD /* Project object */;
}
